// !$*UTF8*$!
{
	archiveVersion = 1;
	classes = {
	};
	objectVersion = 50;
	objects = {

/* Begin PBXBuildFile section */
		3E30736C2372FF33000F74C3 /* AudioSpectrogram.swift in Sources */ = {isa = PBXBuildFile; fileRef = 3E3073672372FF33000F74C3 /* AudioSpectrogram.swift */; };
		3E5E85B424BF502D003E22F5 /* AudioSpectrogram+AVCaptureAudioDataOutputSampleBufferDelegate.swift in Sources */ = {isa = PBXBuildFile; fileRef = 3EFEABBD23730E0E00C9AC41 /* AudioSpectrogram+AVCaptureAudioDataOutputSampleBufferDelegate.swift */; };
		3E5E85B524BF5031003E22F5 /* AudioSpectrogram.swift in Sources */ = {isa = PBXBuildFile; fileRef = 3E3073672372FF33000F74C3 /* AudioSpectrogram.swift */; };
		3EDCF0CF2372EFE600637FFF /* AppDelegate.swift in Sources */ = {isa = PBXBuildFile; fileRef = 3EDCF0CE2372EFE600637FFF /* AppDelegate.swift */; };
		3EDCF0D12372EFE600637FFF /* SceneDelegate.swift in Sources */ = {isa = PBXBuildFile; fileRef = 3EDCF0D02372EFE600637FFF /* SceneDelegate.swift */; };
		3EDCF0D32372EFE600637FFF /* ViewController.swift in Sources */ = {isa = PBXBuildFile; fileRef = 3EDCF0D22372EFE600637FFF /* ViewController.swift */; };
		3EDCF0D62372EFE600637FFF /* Main.storyboard in Resources */ = {isa = PBXBuildFile; fileRef = 3EDCF0D42372EFE600637FFF /* Main.storyboard */; };
		3EDCF0D82372EFE800637FFF /* Assets.xcassets in Resources */ = {isa = PBXBuildFile; fileRef = 3EDCF0D72372EFE800637FFF /* Assets.xcassets */; };
		3EDCF0DB2372EFE800637FFF /* LaunchScreen.storyboard in Resources */ = {isa = PBXBuildFile; fileRef = 3EDCF0D92372EFE800637FFF /* LaunchScreen.storyboard */; };
		3EFEABBE23730E0E00C9AC41 /* AudioSpectrogram+AVCaptureAudioDataOutputSampleBufferDelegate.swift in Sources */ = {isa = PBXBuildFile; fileRef = 3EFEABBD23730E0E00C9AC41 /* AudioSpectrogram+AVCaptureAudioDataOutputSampleBufferDelegate.swift */; };
		7109E8512717355100B43719 /* Sizer.swift in Sources */ = {isa = PBXBuildFile; fileRef = 7109E8502717355100B43719 /* Sizer.swift */; };
		716414A0271CB38700281F92 /* VideoEx.mov in Resources */ = {isa = PBXBuildFile; fileRef = 7164149F271CB38700281F92 /* VideoEx.mov */; };
/* End PBXBuildFile section */

/* Begin PBXFileReference section */
		3E3073672372FF33000F74C3 /* AudioSpectrogram.swift */ = {isa = PBXFileReference; fileEncoding = 4; lastKnownFileType = sourcecode.swift; path = AudioSpectrogram.swift; sourceTree = "<group>"; };
		3E5E85A424BF5023003E22F5 /* accelerate-audio-spectrogram-macOS.app */ = {isa = PBXFileReference; explicitFileType = wrapper.application; includeInIndex = 0; path = "accelerate-audio-spectrogram-macOS.app"; sourceTree = BUILT_PRODUCTS_DIR; };
		3EDCF0CB2372EFE600637FFF /* accelerate-audio-spectrogram.app */ = {isa = PBXFileReference; explicitFileType = wrapper.application; includeInIndex = 0; path = "accelerate-audio-spectrogram.app"; sourceTree = BUILT_PRODUCTS_DIR; };
		3EDCF0CE2372EFE600637FFF /* AppDelegate.swift */ = {isa = PBXFileReference; lastKnownFileType = sourcecode.swift; path = AppDelegate.swift; sourceTree = "<group>"; };
		3EDCF0D02372EFE600637FFF /* SceneDelegate.swift */ = {isa = PBXFileReference; lastKnownFileType = sourcecode.swift; path = SceneDelegate.swift; sourceTree = "<group>"; };
		3EDCF0D22372EFE600637FFF /* ViewController.swift */ = {isa = PBXFileReference; lastKnownFileType = sourcecode.swift; path = ViewController.swift; sourceTree = "<group>"; };
		3EDCF0D52372EFE600637FFF /* Base */ = {isa = PBXFileReference; lastKnownFileType = file.storyboard; name = Base; path = Base.lproj/Main.storyboard; sourceTree = "<group>"; };
		3EDCF0D72372EFE800637FFF /* Assets.xcassets */ = {isa = PBXFileReference; lastKnownFileType = folder.assetcatalog; path = Assets.xcassets; sourceTree = "<group>"; };
		3EDCF0DA2372EFE800637FFF /* Base */ = {isa = PBXFileReference; lastKnownFileType = file.storyboard; name = Base; path = Base.lproj/LaunchScreen.storyboard; sourceTree = "<group>"; };
		3EDCF0DC2372EFE800637FFF /* Info.plist */ = {isa = PBXFileReference; lastKnownFileType = text.plist.xml; path = Info.plist; sourceTree = "<group>"; };
		3EFEABBD23730E0E00C9AC41 /* AudioSpectrogram+AVCaptureAudioDataOutputSampleBufferDelegate.swift */ = {isa = PBXFileReference; lastKnownFileType = sourcecode.swift; path = "AudioSpectrogram+AVCaptureAudioDataOutputSampleBufferDelegate.swift"; sourceTree = "<group>"; };
		61B27D4DF2C017C525F12011 /* SampleCode.xcconfig */ = {isa = PBXFileReference; lastKnownFileType = text.xcconfig; name = SampleCode.xcconfig; path = Configuration/SampleCode.xcconfig; sourceTree = "<group>"; };
		7109E8502717355100B43719 /* Sizer.swift */ = {isa = PBXFileReference; lastKnownFileType = sourcecode.swift; path = Sizer.swift; sourceTree = "<group>"; };
		7164149F271CB38700281F92 /* VideoEx.mov */ = {isa = PBXFileReference; lastKnownFileType = video.quicktime; name = VideoEx.mov; path = ../../../../VideoEx.mov; sourceTree = "<group>"; };
		B05426070169D7858B022BFE /* LICENSE.txt */ = {isa = PBXFileReference; includeInIndex = 1; lastKnownFileType = text; path = LICENSE.txt; sourceTree = "<group>"; };
		C5A7A3B976288CC302EA224C /* README.md */ = {isa = PBXFileReference; lastKnownFileType = net.daringfireball.markdown; path = README.md; sourceTree = "<group>"; };
/* End PBXFileReference section */

/* Begin PBXFrameworksBuildPhase section */
		3E5E85A124BF5023003E22F5 /* Frameworks */ = {
			isa = PBXFrameworksBuildPhase;
			buildActionMask = 2147483647;
			files = (
			);
			runOnlyForDeploymentPostprocessing = 0;
		};
		3EDCF0C82372EFE600637FFF /* Frameworks */ = {
			isa = PBXFrameworksBuildPhase;
			buildActionMask = 2147483647;
			files = (
			);
			runOnlyForDeploymentPostprocessing = 0;
		};
/* End PBXFrameworksBuildPhase section */

/* Begin PBXGroup section */
		3E5E85B624BF5271003E22F5 /* Shared */ = {
			isa = PBXGroup;
			children = (
				3EFEABBD23730E0E00C9AC41 /* AudioSpectrogram+AVCaptureAudioDataOutputSampleBufferDelegate.swift */,
				3E3073672372FF33000F74C3 /* AudioSpectrogram.swift */,
			);
			path = Shared;
			sourceTree = "<group>";
		};
		3EDCF0C22372EFE600637FFF = {
			isa = PBXGroup;
			children = (
				C5A7A3B976288CC302EA224C /* README.md */,
				3E5E85B624BF5271003E22F5 /* Shared */,
				3EDCF0CD2372EFE600637FFF /* accelerate-audio-spectrogram */,
				3EDCF0CC2372EFE600637FFF /* Products */,
				B1394AA10D860BC3E367A1A3 /* Configuration */,
				A4C02ECAE9F30030D138E3B7 /* LICENSE */,
			);
			sourceTree = "<group>";
		};
		3EDCF0CC2372EFE600637FFF /* Products */ = {
			isa = PBXGroup;
			children = (
				3EDCF0CB2372EFE600637FFF /* accelerate-audio-spectrogram.app */,
				3E5E85A424BF5023003E22F5 /* accelerate-audio-spectrogram-macOS.app */,
			);
			name = Products;
			sourceTree = "<group>";
		};
		3EDCF0CD2372EFE600637FFF /* accelerate-audio-spectrogram */ = {
			isa = PBXGroup;
			children = (
				7164149F271CB38700281F92 /* VideoEx.mov */,
				3EDCF0D22372EFE600637FFF /* ViewController.swift */,
				7109E8502717355100B43719 /* Sizer.swift */,
				3EDCF0CE2372EFE600637FFF /* AppDelegate.swift */,
				3EDCF0D02372EFE600637FFF /* SceneDelegate.swift */,
				3EDCF0D42372EFE600637FFF /* Main.storyboard */,
				3EDCF0D72372EFE800637FFF /* Assets.xcassets */,
				3EDCF0D92372EFE800637FFF /* LaunchScreen.storyboard */,
				3EDCF0DC2372EFE800637FFF /* Info.plist */,
			);
			path = "accelerate-audio-spectrogram";
			sourceTree = "<group>";
		};
		A4C02ECAE9F30030D138E3B7 /* LICENSE */ = {
			isa = PBXGroup;
			children = (
				B05426070169D7858B022BFE /* LICENSE.txt */,
			);
			path = LICENSE;
			sourceTree = "<group>";
		};
		B1394AA10D860BC3E367A1A3 /* Configuration */ = {
			isa = PBXGroup;
			children = (
				61B27D4DF2C017C525F12011 /* SampleCode.xcconfig */,
			);
			name = Configuration;
			sourceTree = "<group>";
		};
/* End PBXGroup section */

/* Begin PBXNativeTarget section */
		3E5E85A324BF5023003E22F5 /* accelerate-audio-spectrogram-macOS */ = {
			isa = PBXNativeTarget;
			buildConfigurationList = 3E5E85B124BF5023003E22F5 /* Build configuration list for PBXNativeTarget "accelerate-audio-spectrogram-macOS" */;
			buildPhases = (
				3E5E85A024BF5023003E22F5 /* Sources */,
				3E5E85A124BF5023003E22F5 /* Frameworks */,
				3E5E85A224BF5023003E22F5 /* Resources */,
			);
			buildRules = (
			);
			dependencies = (
			);
			name = "accelerate-audio-spectrogram-macOS";
			productName = "accelerate-audio-spectrogram-macOS";
			productReference = 3E5E85A424BF5023003E22F5 /* accelerate-audio-spectrogram-macOS.app */;
			productType = "com.apple.product-type.application";
		};
		3EDCF0CA2372EFE600637FFF /* accelerate-audio-spectrogram */ = {
			isa = PBXNativeTarget;
			buildConfigurationList = 3EDCF0DF2372EFE800637FFF /* Build configuration list for PBXNativeTarget "accelerate-audio-spectrogram" */;
			buildPhases = (
				3EDCF0C72372EFE600637FFF /* Sources */,
				3EDCF0C82372EFE600637FFF /* Frameworks */,
				3EDCF0C92372EFE600637FFF /* Resources */,
			);
			buildRules = (
			);
			dependencies = (
			);
			name = "accelerate-audio-spectrogram";
			productName = "accelerate-audio-spectrogram";
			productReference = 3EDCF0CB2372EFE600637FFF /* accelerate-audio-spectrogram.app */;
			productType = "com.apple.product-type.application";
		};
/* End PBXNativeTarget section */

/* Begin PBXProject section */
		3EDCF0C32372EFE600637FFF /* Project object */ = {
			isa = PBXProject;
			attributes = {
				DefaultBuildSystemTypeForWorkspace = Latest;
				LastSwiftUpdateCheck = 1200;
				LastUpgradeCheck = 1300;
				ORGANIZATIONNAME = Apple;
				TargetAttributes = {
					3E5E85A324BF5023003E22F5 = {
						CreatedOnToolsVersion = 12.0;
					};
					3EDCF0CA2372EFE600637FFF = {
						CreatedOnToolsVersion = 11.2;
					};
				};
			};
			buildConfigurationList = 3EDCF0C62372EFE600637FFF /* Build configuration list for PBXProject "accelerate-audio-spectrogram" */;
			compatibilityVersion = "Xcode 9.3";
			developmentRegion = en;
			hasScannedForEncodings = 0;
			knownRegions = (
				en,
				Base,
			);
			mainGroup = 3EDCF0C22372EFE600637FFF;
			productRefGroup = 3EDCF0CC2372EFE600637FFF /* Products */;
			projectDirPath = "";
			projectRoot = "";
			targets = (
				3EDCF0CA2372EFE600637FFF /* accelerate-audio-spectrogram */,
				3E5E85A324BF5023003E22F5 /* accelerate-audio-spectrogram-macOS */,
			);
		};
/* End PBXProject section */

/* Begin PBXResourcesBuildPhase section */
		3E5E85A224BF5023003E22F5 /* Resources */ = {
			isa = PBXResourcesBuildPhase;
			buildActionMask = 2147483647;
			files = (
			);
			runOnlyForDeploymentPostprocessing = 0;
		};
		3EDCF0C92372EFE600637FFF /* Resources */ = {
			isa = PBXResourcesBuildPhase;
			buildActionMask = 2147483647;
			files = (
				3EDCF0DB2372EFE800637FFF /* LaunchScreen.storyboard in Resources */,
				3EDCF0D82372EFE800637FFF /* Assets.xcassets in Resources */,
				3EDCF0D62372EFE600637FFF /* Main.storyboard in Resources */,
				716414A0271CB38700281F92 /* VideoEx.mov in Resources */,
			);
			runOnlyForDeploymentPostprocessing = 0;
		};
/* End PBXResourcesBuildPhase section */

/* Begin PBXSourcesBuildPhase section */
		3E5E85A024BF5023003E22F5 /* Sources */ = {
			isa = PBXSourcesBuildPhase;
			buildActionMask = 2147483647;
			files = (
				3E5E85B424BF502D003E22F5 /* AudioSpectrogram+AVCaptureAudioDataOutputSampleBufferDelegate.swift in Sources */,
				3E5E85B524BF5031003E22F5 /* AudioSpectrogram.swift in Sources */,
			);
			runOnlyForDeploymentPostprocessing = 0;
		};
		3EDCF0C72372EFE600637FFF /* Sources */ = {
			isa = PBXSourcesBuildPhase;
			buildActionMask = 2147483647;
			files = (
				3EDCF0D32372EFE600637FFF /* ViewController.swift in Sources */,
				3EDCF0CF2372EFE600637FFF /* AppDelegate.swift in Sources */,
				3E30736C2372FF33000F74C3 /* AudioSpectrogram.swift in Sources */,
				7109E8512717355100B43719 /* Sizer.swift in Sources */,
				3EDCF0D12372EFE600637FFF /* SceneDelegate.swift in Sources */,
				3EFEABBE23730E0E00C9AC41 /* AudioSpectrogram+AVCaptureAudioDataOutputSampleBufferDelegate.swift in Sources */,
			);
			runOnlyForDeploymentPostprocessing = 0;
		};
/* End PBXSourcesBuildPhase section */

/* Begin PBXVariantGroup section */
		3EDCF0D42372EFE600637FFF /* Main.storyboard */ = {
			isa = PBXVariantGroup;
			children = (
				3EDCF0D52372EFE600637FFF /* Base */,
			);
			name = Main.storyboard;
			sourceTree = "<group>";
		};
		3EDCF0D92372EFE800637FFF /* LaunchScreen.storyboard */ = {
			isa = PBXVariantGroup;
			children = (
				3EDCF0DA2372EFE800637FFF /* Base */,
			);
			name = LaunchScreen.storyboard;
			sourceTree = "<group>";
		};
/* End PBXVariantGroup section */

/* Begin XCBuildConfiguration section */
		3E5E85B224BF5023003E22F5 /* Debug */ = {
			isa = XCBuildConfiguration;
			baseConfigurationReference = 61B27D4DF2C017C525F12011 /* SampleCode.xcconfig */;
			buildSettings = {
				ASSETCATALOG_COMPILER_APPICON_NAME = AppIcon;
				ASSETCATALOG_COMPILER_GLOBAL_ACCENT_COLOR_NAME = AccentColor;
				CODE_SIGN_ENTITLEMENTS = "accelerate-audio-spectrogram-macOS/accelerate_audio_spectrogram_macOS.entitlements";
				CODE_SIGN_IDENTITY = "-";
				CODE_SIGN_STYLE = Automatic;
				COMBINE_HIDPI_IMAGES = YES;
				DEVELOPMENT_TEAM = "";
				ENABLE_HARDENED_RUNTIME = YES;
				INFOPLIST_FILE = "accelerate-audio-spectrogram-macOS/Info.plist";
				LD_RUNPATH_SEARCH_PATHS = (
					"$(inherited)",
					"@executable_path/../Frameworks",
				);
				MACOSX_DEPLOYMENT_TARGET = 10.15;
				PRODUCT_BUNDLE_IDENTIFIER = "com.example.apple-samplecode.accelerate-audio-spectrogram-macOS${SAMPLE_CODE_DISAMBIGUATOR}";
				PRODUCT_NAME = "$(TARGET_NAME)";
				PROVISIONING_PROFILE_SPECIFIER = "";
				SDKROOT = macosx;
				SWIFT_VERSION = 5.0;
			};
			name = Debug;
		};
		3E5E85B324BF5023003E22F5 /* Release */ = {
			isa = XCBuildConfiguration;
			baseConfigurationReference = 61B27D4DF2C017C525F12011 /* SampleCode.xcconfig */;
			buildSettings = {
				ASSETCATALOG_COMPILER_APPICON_NAME = AppIcon;
				ASSETCATALOG_COMPILER_GLOBAL_ACCENT_COLOR_NAME = AccentColor;
				CODE_SIGN_ENTITLEMENTS = "accelerate-audio-spectrogram-macOS/accelerate_audio_spectrogram_macOS.entitlements";
				CODE_SIGN_IDENTITY = "-";
				CODE_SIGN_STYLE = Automatic;
				COMBINE_HIDPI_IMAGES = YES;
				DEVELOPMENT_TEAM = "";
				ENABLE_HARDENED_RUNTIME = YES;
				INFOPLIST_FILE = "accelerate-audio-spectrogram-macOS/Info.plist";
				LD_RUNPATH_SEARCH_PATHS = (
					"$(inherited)",
					"@executable_path/../Frameworks",
				);
				MACOSX_DEPLOYMENT_TARGET = 10.15;
				PRODUCT_BUNDLE_IDENTIFIER = "com.example.apple-samplecode.accelerate-audio-spectrogram-macOS${SAMPLE_CODE_DISAMBIGUATOR}";
				PRODUCT_NAME = "$(TARGET_NAME)";
				PROVISIONING_PROFILE_SPECIFIER = "";
				SDKROOT = macosx;
				SWIFT_VERSION = 5.0;
			};
			name = Release;
		};
		3EDCF0DD2372EFE800637FFF /* Debug */ = {
			isa = XCBuildConfiguration;
			baseConfigurationReference = 61B27D4DF2C017C525F12011 /* SampleCode.xcconfig */;
			buildSettings = {
				ALWAYS_SEARCH_USER_PATHS = NO;
				CLANG_ANALYZER_NONNULL = YES;
				CLANG_ANALYZER_NUMBER_OBJECT_CONVERSION = YES_AGGRESSIVE;
				CLANG_CXX_LANGUAGE_STANDARD = "gnu++14";
				CLANG_CXX_LIBRARY = "libc++";
				CLANG_ENABLE_MODULES = YES;
				CLANG_ENABLE_OBJC_ARC = YES;
				CLANG_ENABLE_OBJC_WEAK = YES;
				CLANG_WARN_BLOCK_CAPTURE_AUTORELEASING = YES;
				CLANG_WARN_BOOL_CONVERSION = YES;
				CLANG_WARN_COMMA = YES;
				CLANG_WARN_CONSTANT_CONVERSION = YES;
				CLANG_WARN_DEPRECATED_OBJC_IMPLEMENTATIONS = YES;
				CLANG_WARN_DIRECT_OBJC_ISA_USAGE = YES_ERROR;
				CLANG_WARN_DOCUMENTATION_COMMENTS = YES;
				CLANG_WARN_EMPTY_BODY = YES;
				CLANG_WARN_ENUM_CONVERSION = YES;
				CLANG_WARN_INFINITE_RECURSION = YES;
				CLANG_WARN_INT_CONVERSION = YES;
				CLANG_WARN_NON_LITERAL_NULL_CONVERSION = YES;
				CLANG_WARN_OBJC_IMPLICIT_RETAIN_SELF = YES;
				CLANG_WARN_OBJC_LITERAL_CONVERSION = YES;
				CLANG_WARN_OBJC_ROOT_CLASS = YES_ERROR;
				CLANG_WARN_QUOTED_INCLUDE_IN_FRAMEWORK_HEADER = YES;
				CLANG_WARN_RANGE_LOOP_ANALYSIS = YES;
				CLANG_WARN_STRICT_PROTOTYPES = YES;
				CLANG_WARN_SUSPICIOUS_MOVE = YES;
				CLANG_WARN_UNGUARDED_AVAILABILITY = YES_AGGRESSIVE;
				CLANG_WARN_UNREACHABLE_CODE = YES;
				CLANG_WARN__DUPLICATE_METHOD_MATCH = YES;
				COPY_PHASE_STRIP = NO;
				DEBUG_INFORMATION_FORMAT = dwarf;
				ENABLE_STRICT_OBJC_MSGSEND = YES;
				ENABLE_TESTABILITY = YES;
				GCC_C_LANGUAGE_STANDARD = gnu11;
				GCC_DYNAMIC_NO_PIC = NO;
				GCC_NO_COMMON_BLOCKS = YES;
				GCC_OPTIMIZATION_LEVEL = 0;
				GCC_PREPROCESSOR_DEFINITIONS = (
					"DEBUG=1",
					"$(inherited)",
				);
				GCC_WARN_64_TO_32_BIT_CONVERSION = YES;
				GCC_WARN_ABOUT_RETURN_TYPE = YES_ERROR;
				GCC_WARN_UNDECLARED_SELECTOR = YES;
				GCC_WARN_UNINITIALIZED_AUTOS = YES_AGGRESSIVE;
				GCC_WARN_UNUSED_FUNCTION = YES;
				GCC_WARN_UNUSED_VARIABLE = YES;
				IPHONEOS_DEPLOYMENT_TARGET = 13.2;
				MTL_ENABLE_DEBUG_INFO = INCLUDE_SOURCE;
				MTL_FAST_MATH = YES;
				ONLY_ACTIVE_ARCH = YES;
				SDKROOT = iphoneos;
				SWIFT_ACTIVE_COMPILATION_CONDITIONS = DEBUG;
				SWIFT_OPTIMIZATION_LEVEL = "-Onone";
			};
			name = Debug;
		};
		3EDCF0DE2372EFE800637FFF /* Release */ = {
			isa = XCBuildConfiguration;
			baseConfigurationReference = 61B27D4DF2C017C525F12011 /* SampleCode.xcconfig */;
			buildSettings = {
				ALWAYS_SEARCH_USER_PATHS = NO;
				CLANG_ANALYZER_NONNULL = YES;
				CLANG_ANALYZER_NUMBER_OBJECT_CONVERSION = YES_AGGRESSIVE;
				CLANG_CXX_LANGUAGE_STANDARD = "gnu++14";
				CLANG_CXX_LIBRARY = "libc++";
				CLANG_ENABLE_MODULES = YES;
				CLANG_ENABLE_OBJC_ARC = YES;
				CLANG_ENABLE_OBJC_WEAK = YES;
				CLANG_WARN_BLOCK_CAPTURE_AUTORELEASING = YES;
				CLANG_WARN_BOOL_CONVERSION = YES;
				CLANG_WARN_COMMA = YES;
				CLANG_WARN_CONSTANT_CONVERSION = YES;
				CLANG_WARN_DEPRECATED_OBJC_IMPLEMENTATIONS = YES;
				CLANG_WARN_DIRECT_OBJC_ISA_USAGE = YES_ERROR;
				CLANG_WARN_DOCUMENTATION_COMMENTS = YES;
				CLANG_WARN_EMPTY_BODY = YES;
				CLANG_WARN_ENUM_CONVERSION = YES;
				CLANG_WARN_INFINITE_RECURSION = YES;
				CLANG_WARN_INT_CONVERSION = YES;
				CLANG_WARN_NON_LITERAL_NULL_CONVERSION = YES;
				CLANG_WARN_OBJC_IMPLICIT_RETAIN_SELF = YES;
				CLANG_WARN_OBJC_LITERAL_CONVERSION = YES;
				CLANG_WARN_OBJC_ROOT_CLASS = YES_ERROR;
				CLANG_WARN_QUOTED_INCLUDE_IN_FRAMEWORK_HEADER = YES;
				CLANG_WARN_RANGE_LOOP_ANALYSIS = YES;
				CLANG_WARN_STRICT_PROTOTYPES = YES;
				CLANG_WARN_SUSPICIOUS_MOVE = YES;
				CLANG_WARN_UNGUARDED_AVAILABILITY = YES_AGGRESSIVE;
				CLANG_WARN_UNREACHABLE_CODE = YES;
				CLANG_WARN__DUPLICATE_METHOD_MATCH = YES;
				COPY_PHASE_STRIP = NO;
				DEBUG_INFORMATION_FORMAT = "dwarf-with-dsym";
				ENABLE_NS_ASSERTIONS = NO;
				ENABLE_STRICT_OBJC_MSGSEND = YES;
				GCC_C_LANGUAGE_STANDARD = gnu11;
				GCC_NO_COMMON_BLOCKS = YES;
				GCC_WARN_64_TO_32_BIT_CONVERSION = YES;
				GCC_WARN_ABOUT_RETURN_TYPE = YES_ERROR;
				GCC_WARN_UNDECLARED_SELECTOR = YES;
				GCC_WARN_UNINITIALIZED_AUTOS = YES_AGGRESSIVE;
				GCC_WARN_UNUSED_FUNCTION = YES;
				GCC_WARN_UNUSED_VARIABLE = YES;
				IPHONEOS_DEPLOYMENT_TARGET = 13.2;
				MTL_ENABLE_DEBUG_INFO = NO;
				MTL_FAST_MATH = YES;
				SDKROOT = iphoneos;
				SWIFT_COMPILATION_MODE = wholemodule;
				SWIFT_OPTIMIZATION_LEVEL = "-O";
				VALIDATE_PRODUCT = YES;
			};
			name = Release;
		};
		3EDCF0E02372EFE800637FFF /* Debug */ = {
			isa = XCBuildConfiguration;
			baseConfigurationReference = 61B27D4DF2C017C525F12011 /* SampleCode.xcconfig */;
			buildSettings = {
				ASSETCATALOG_COMPILER_APPICON_NAME = AppIcon;
				CODE_SIGN_STYLE = Automatic;
				DEVELOPMENT_TEAM = F99PDFL89P;
				INFOPLIST_FILE = "accelerate-audio-spectrogram/Info.plist";
				LD_RUNPATH_SEARCH_PATHS = (
					"$(inherited)",
					"@executable_path/Frameworks",
				);
				PRODUCT_BUNDLE_IDENTIFIER = "com.example.apple-samplecode.accelerate-audio-spectrogram${SAMPLE_CODE_DISAMBIGUATOR}";
				PRODUCT_NAME = "$(TARGET_NAME)";
				PROVISIONING_PROFILE_SPECIFIER = "";
				SWIFT_VERSION = 5.0;
				TARGETED_DEVICE_FAMILY = "1,2";
			};
			name = Debug;
		};
		3EDCF0E12372EFE800637FFF /* Release */ = {
			isa = XCBuildConfiguration;
			baseConfigurationReference = 61B27D4DF2C017C525F12011 /* SampleCode.xcconfig */;
			buildSettings = {
				ASSETCATALOG_COMPILER_APPICON_NAME = AppIcon;
				CODE_SIGN_STYLE = Automatic;
				DEVELOPMENT_TEAM = F99PDFL89P;
				INFOPLIST_FILE = "accelerate-audio-spectrogram/Info.plist";
				LD_RUNPATH_SEARCH_PATHS = (
					"$(inherited)",
					"@executable_path/Frameworks",
				);
				PRODUCT_BUNDLE_IDENTIFIER = "com.example.apple-samplecode.accelerate-audio-spectrogram${SAMPLE_CODE_DISAMBIGUATOR}";
				PRODUCT_NAME = "$(TARGET_NAME)";
				PROVISIONING_PROFILE_SPECIFIER = "";
				SWIFT_VERSION = 5.0;
				TARGETED_DEVICE_FAMILY = "1,2";
			};
			name = Release;
		};
/* End XCBuildConfiguration section */

/* Begin XCConfigurationList section */
		3E5E85B124BF5023003E22F5 /* Build configuration list for PBXNativeTarget "accelerate-audio-spectrogram-macOS" */ = {
			isa = XCConfigurationList;
			buildConfigurations = (
				3E5E85B224BF5023003E22F5 /* Debug */,
				3E5E85B324BF5023003E22F5 /* Release */,
			);
			defaultConfigurationIsVisible = 0;
			defaultConfigurationName = Release;
		};
		3EDCF0C62372EFE600637FFF /* Build configuration list for PBXProject "accelerate-audio-spectrogram" */ = {
			isa = XCConfigurationList;
			buildConfigurations = (
				3EDCF0DD2372EFE800637FFF /* Debug */,
				3EDCF0DE2372EFE800637FFF /* Release */,
			);
			defaultConfigurationIsVisible = 0;
			defaultConfigurationName = Release;
		};
		3EDCF0DF2372EFE800637FFF /* Build configuration list for PBXNativeTarget "accelerate-audio-spectrogram" */ = {
			isa = XCConfigurationList;
			buildConfigurations = (
				3EDCF0E02372EFE800637FFF /* Debug */,
				3EDCF0E12372EFE800637FFF /* Release */,
			);
			defaultConfigurationIsVisible = 0;
			defaultConfigurationName = Release;
		};
/* End XCConfigurationList section */
	};
	rootObject = 3EDCF0C32372EFE600637FFF /* Project object */;
}
